
Microsoft Visual Studio Solution File, Format Version 12.00
# Visual Studio 15
VisualStudioVersion = 15.0.28010.2016
MinimumVisualStudioVersion = 10.0.40219.1
Project("{FAE04EC0-301F-11D3-BF4B-00C04F79EFBC}") = "StackOverflowPostMock", "StackOverflowPostMock.csproj", "{FD90E08D-24E1-4E2F-9547-E05DDA66F6F5}"
EndProject
Global
	GlobalSection(SolutionConfigurationPlatforms) = preSolution
		Debug|Any CPU = Debug|Any CPU
		Release|Any CPU = Release|Any CPU
	EndGlobalSection
	GlobalSection(ProjectConfigurationPlatforms) = postSolution
		{FD90E08D-24E1-4E2F-9547-E05DDA66F6F5}.Debug|Any CPU.ActiveCfg = Debug|Any CPU
		{FD90E08D-24E1-4E2F-9547-E05DDA66F6F5}.Debug|Any CPU.Build.0 = Debug|Any CPU
		{FD90E08D-24E1-4E2F-9547-E05DDA66F6F5}.Release|Any CPU.ActiveCfg = Release|Any CPU
		{FD90E08D-24E1-4E2F-9547-E05DDA66F6F5}.Release|Any CPU.Build.0 = Release|Any CPU
	EndGlobalSection
	GlobalSection(SolutionProperties) = preSolution
		HideSolutionNode = FALSE
	EndGlobalSection
	GlobalSection(ExtensibilityGlobals) = postSolution
		SolutionGuid = {ABA70EE9-19D5-4E5F-AB8D-1009C316C09E}
	EndGlobalSection
EndGlobal
